// !$*UTF8*$!
{
	archiveVersion = 1;
	classes = {
	};
	objectVersion = 55;
	objects = {

/* Begin PBXBuildFile section */
		C7AC286A2948977E00923FA5 /* BackendDrivenSwiftUIApp.swift in Sources */ = {isa = PBXBuildFile; fileRef = C7AC28692948977E00923FA5 /* BackendDrivenSwiftUIApp.swift */; };
		C7AC286C2948977E00923FA5 /* ContentView.swift in Sources */ = {isa = PBXBuildFile; fileRef = C7AC286B2948977E00923FA5 /* ContentView.swift */; };
		C7AC286E2948978000923FA5 /* Assets.xcassets in Resources */ = {isa = PBXBuildFile; fileRef = C7AC286D2948978000923FA5 /* Assets.xcassets */; };
		C7AC28712948978000923FA5 /* Preview Assets.xcassets in Resources */ = {isa = PBXBuildFile; fileRef = C7AC28702948978000923FA5 /* Preview Assets.xcassets */; };
		C7AC287B2948A47500923FA5 /* DatabaseService.swift in Sources */ = {isa = PBXBuildFile; fileRef = C7AC287A2948A47500923FA5 /* DatabaseService.swift */; };
		C7AC287D2948A48500923FA5 /* Component.swift in Sources */ = {isa = PBXBuildFile; fileRef = C7AC287C2948A48500923FA5 /* Component.swift */; };
		C7AC28802948BEF500923FA5 /* Core.swift in Sources */ = {isa = PBXBuildFile; fileRef = C7AC287F2948BEF500923FA5 /* Core.swift */; };
		C7AC28822948C08D00923FA5 /* Core.ButtonModel.swift in Sources */ = {isa = PBXBuildFile; fileRef = C7AC28812948C08D00923FA5 /* Core.ButtonModel.swift */; };
		C7AC28842948C0B100923FA5 /* ViewModel.swift in Sources */ = {isa = PBXBuildFile; fileRef = C7AC28832948C0B100923FA5 /* ViewModel.swift */; };
		C7AC28862948C20E00923FA5 /* Core.StepperModel.swift in Sources */ = {isa = PBXBuildFile; fileRef = C7AC28852948C20E00923FA5 /* Core.StepperModel.swift */; };
		C7AC28882948C2E500923FA5 /* Core.ImageModel.swift in Sources */ = {isa = PBXBuildFile; fileRef = C7AC28872948C2E500923FA5 /* Core.ImageModel.swift */; };
		C7AC288A2948C8E700923FA5 /* Core.NavigationModel.swift in Sources */ = {isa = PBXBuildFile; fileRef = C7AC28892948C8E700923FA5 /* Core.NavigationModel.swift */; };
		C7AC288C2948C9CF00923FA5 /* Core.ListModel.swift in Sources */ = {isa = PBXBuildFile; fileRef = C7AC288B2948C9CF00923FA5 /* Core.ListModel.swift */; };
		C7AC288E2948CA1200923FA5 /* Core.SpacerModel.swift in Sources */ = {isa = PBXBuildFile; fileRef = C7AC288D2948CA1200923FA5 /* Core.SpacerModel.swift */; };
		C7AC28902948CA9E00923FA5 /* Core.TextFieldModel.swift in Sources */ = {isa = PBXBuildFile; fileRef = C7AC288F2948CA9E00923FA5 /* Core.TextFieldModel.swift */; };
		C7AC28922948CB2B00923FA5 /* Core.TextModel.swift in Sources */ = {isa = PBXBuildFile; fileRef = C7AC28912948CB2B00923FA5 /* Core.TextModel.swift */; };
		C7AC28942948CC3B00923FA5 /* Core.VStackModel.swift in Sources */ = {isa = PBXBuildFile; fileRef = C7AC28932948CC3B00923FA5 /* Core.VStackModel.swift */; };
		C7AC28962948CCF000923FA5 /* Core.HStackModel.swift in Sources */ = {isa = PBXBuildFile; fileRef = C7AC28952948CCF000923FA5 /* Core.HStackModel.swift */; };
		C7AC28982948CD0200923FA5 /* Core.ZStackModel.swift in Sources */ = {isa = PBXBuildFile; fileRef = C7AC28972948CD0200923FA5 /* Core.ZStackModel.swift */; };
		C7AC289C2948CE9C00923FA5 /* Core.TextView.swift in Sources */ = {isa = PBXBuildFile; fileRef = C7AC289B2948CE9C00923FA5 /* Core.TextView.swift */; };
		C7AC289E2948D09600923FA5 /* Core.NavigationControllerView.swift in Sources */ = {isa = PBXBuildFile; fileRef = C7AC289D2948D09600923FA5 /* Core.NavigationControllerView.swift */; };
		C7AC28A02948D51900923FA5 /* Core.ImageView.swift in Sources */ = {isa = PBXBuildFile; fileRef = C7AC289F2948D51900923FA5 /* Core.ImageView.swift */; };
		C7AC28A22948D5C600923FA5 /* Core.ListView.swift in Sources */ = {isa = PBXBuildFile; fileRef = C7AC28A12948D5C600923FA5 /* Core.ListView.swift */; };
		C7AC28A42948D63F00923FA5 /* Core.TextFieldView.swift in Sources */ = {isa = PBXBuildFile; fileRef = C7AC28A32948D63F00923FA5 /* Core.TextFieldView.swift */; };
		C7AC28A62948D6CD00923FA5 /* Color+Extension.swift in Sources */ = {isa = PBXBuildFile; fileRef = C7AC28A52948D6CD00923FA5 /* Color+Extension.swift */; };
		C7AC28A82948D75E00923FA5 /* Core.SpacerView.swift in Sources */ = {isa = PBXBuildFile; fileRef = C7AC28A72948D75E00923FA5 /* Core.SpacerView.swift */; };
		C7AC28AA2948D7F700923FA5 /* Core.ButtonView.swift in Sources */ = {isa = PBXBuildFile; fileRef = C7AC28A92948D7F700923FA5 /* Core.ButtonView.swift */; };
		C7AC28AC2948D88400923FA5 /* Core.StepperView.swift in Sources */ = {isa = PBXBuildFile; fileRef = C7AC28AB2948D88400923FA5 /* Core.StepperView.swift */; };
		C7AC28AE2948DA1400923FA5 /* Core.VStackView.swift in Sources */ = {isa = PBXBuildFile; fileRef = C7AC28AD2948DA1400923FA5 /* Core.VStackView.swift */; };
		C7AC28B02948DABB00923FA5 /* Core.HStackView.swift in Sources */ = {isa = PBXBuildFile; fileRef = C7AC28AF2948DABB00923FA5 /* Core.HStackView.swift */; };
		C7AC28B22948DAC400923FA5 /* Core.ZStackView.swift in Sources */ = {isa = PBXBuildFile; fileRef = C7AC28B12948DAC400923FA5 /* Core.ZStackView.swift */; };
/* End PBXBuildFile section */

/* Begin PBXFileReference section */
		C7AC28662948977E00923FA5 /* BackendDrivenSwiftUI.app */ = {isa = PBXFileReference; explicitFileType = wrapper.application; includeInIndex = 0; path = BackendDrivenSwiftUI.app; sourceTree = BUILT_PRODUCTS_DIR; };
		C7AC28692948977E00923FA5 /* BackendDrivenSwiftUIApp.swift */ = {isa = PBXFileReference; lastKnownFileType = sourcecode.swift; path = BackendDrivenSwiftUIApp.swift; sourceTree = "<group>"; };
		C7AC286B2948977E00923FA5 /* ContentView.swift */ = {isa = PBXFileReference; lastKnownFileType = sourcecode.swift; path = ContentView.swift; sourceTree = "<group>"; };
		C7AC286D2948978000923FA5 /* Assets.xcassets */ = {isa = PBXFileReference; lastKnownFileType = folder.assetcatalog; path = Assets.xcassets; sourceTree = "<group>"; };
		C7AC28702948978000923FA5 /* Preview Assets.xcassets */ = {isa = PBXFileReference; lastKnownFileType = folder.assetcatalog; path = "Preview Assets.xcassets"; sourceTree = "<group>"; };
		C7AC287A2948A47500923FA5 /* DatabaseService.swift */ = {isa = PBXFileReference; lastKnownFileType = sourcecode.swift; path = DatabaseService.swift; sourceTree = "<group>"; };
		C7AC287C2948A48500923FA5 /* Component.swift */ = {isa = PBXFileReference; lastKnownFileType = sourcecode.swift; path = Component.swift; sourceTree = "<group>"; };
		C7AC287F2948BEF500923FA5 /* Core.swift */ = {isa = PBXFileReference; lastKnownFileType = sourcecode.swift; path = Core.swift; sourceTree = "<group>"; };
		C7AC28812948C08D00923FA5 /* Core.ButtonModel.swift */ = {isa = PBXFileReference; lastKnownFileType = sourcecode.swift; path = Core.ButtonModel.swift; sourceTree = "<group>"; };
		C7AC28832948C0B100923FA5 /* ViewModel.swift */ = {isa = PBXFileReference; lastKnownFileType = sourcecode.swift; path = ViewModel.swift; sourceTree = "<group>"; };
		C7AC28852948C20E00923FA5 /* Core.StepperModel.swift */ = {isa = PBXFileReference; lastKnownFileType = sourcecode.swift; path = Core.StepperModel.swift; sourceTree = "<group>"; };
		C7AC28872948C2E500923FA5 /* Core.ImageModel.swift */ = {isa = PBXFileReference; lastKnownFileType = sourcecode.swift; path = Core.ImageModel.swift; sourceTree = "<group>"; };
		C7AC28892948C8E700923FA5 /* Core.NavigationModel.swift */ = {isa = PBXFileReference; lastKnownFileType = sourcecode.swift; path = Core.NavigationModel.swift; sourceTree = "<group>"; };
		C7AC288B2948C9CF00923FA5 /* Core.ListModel.swift */ = {isa = PBXFileReference; lastKnownFileType = sourcecode.swift; path = Core.ListModel.swift; sourceTree = "<group>"; };
		C7AC288D2948CA1200923FA5 /* Core.SpacerModel.swift */ = {isa = PBXFileReference; lastKnownFileType = sourcecode.swift; path = Core.SpacerModel.swift; sourceTree = "<group>"; };
		C7AC288F2948CA9E00923FA5 /* Core.TextFieldModel.swift */ = {isa = PBXFileReference; lastKnownFileType = sourcecode.swift; path = Core.TextFieldModel.swift; sourceTree = "<group>"; };
		C7AC28912948CB2B00923FA5 /* Core.TextModel.swift */ = {isa = PBXFileReference; lastKnownFileType = sourcecode.swift; path = Core.TextModel.swift; sourceTree = "<group>"; };
		C7AC28932948CC3B00923FA5 /* Core.VStackModel.swift */ = {isa = PBXFileReference; lastKnownFileType = sourcecode.swift; path = Core.VStackModel.swift; sourceTree = "<group>"; };
		C7AC28952948CCF000923FA5 /* Core.HStackModel.swift */ = {isa = PBXFileReference; lastKnownFileType = sourcecode.swift; path = Core.HStackModel.swift; sourceTree = "<group>"; };
		C7AC28972948CD0200923FA5 /* Core.ZStackModel.swift */ = {isa = PBXFileReference; lastKnownFileType = sourcecode.swift; path = Core.ZStackModel.swift; sourceTree = "<group>"; };
		C7AC289B2948CE9C00923FA5 /* Core.TextView.swift */ = {isa = PBXFileReference; lastKnownFileType = sourcecode.swift; path = Core.TextView.swift; sourceTree = "<group>"; };
		C7AC289D2948D09600923FA5 /* Core.NavigationControllerView.swift */ = {isa = PBXFileReference; lastKnownFileType = sourcecode.swift; path = Core.NavigationControllerView.swift; sourceTree = "<group>"; };
		C7AC289F2948D51900923FA5 /* Core.ImageView.swift */ = {isa = PBXFileReference; lastKnownFileType = sourcecode.swift; path = Core.ImageView.swift; sourceTree = "<group>"; };
		C7AC28A12948D5C600923FA5 /* Core.ListView.swift */ = {isa = PBXFileReference; lastKnownFileType = sourcecode.swift; path = Core.ListView.swift; sourceTree = "<group>"; };
		C7AC28A32948D63F00923FA5 /* Core.TextFieldView.swift */ = {isa = PBXFileReference; lastKnownFileType = sourcecode.swift; path = Core.TextFieldView.swift; sourceTree = "<group>"; };
		C7AC28A52948D6CD00923FA5 /* Color+Extension.swift */ = {isa = PBXFileReference; lastKnownFileType = sourcecode.swift; path = "Color+Extension.swift"; sourceTree = "<group>"; };
		C7AC28A72948D75E00923FA5 /* Core.SpacerView.swift */ = {isa = PBXFileReference; lastKnownFileType = sourcecode.swift; path = Core.SpacerView.swift; sourceTree = "<group>"; };
		C7AC28A92948D7F700923FA5 /* Core.ButtonView.swift */ = {isa = PBXFileReference; lastKnownFileType = sourcecode.swift; path = Core.ButtonView.swift; sourceTree = "<group>"; };
		C7AC28AB2948D88400923FA5 /* Core.StepperView.swift */ = {isa = PBXFileReference; lastKnownFileType = sourcecode.swift; path = Core.StepperView.swift; sourceTree = "<group>"; };
		C7AC28AD2948DA1400923FA5 /* Core.VStackView.swift */ = {isa = PBXFileReference; lastKnownFileType = sourcecode.swift; path = Core.VStackView.swift; sourceTree = "<group>"; };
		C7AC28AF2948DABB00923FA5 /* Core.HStackView.swift */ = {isa = PBXFileReference; lastKnownFileType = sourcecode.swift; path = Core.HStackView.swift; sourceTree = "<group>"; };
		C7AC28B12948DAC400923FA5 /* Core.ZStackView.swift */ = {isa = PBXFileReference; lastKnownFileType = sourcecode.swift; path = Core.ZStackView.swift; sourceTree = "<group>"; };
/* End PBXFileReference section */

/* Begin PBXFrameworksBuildPhase section */
		C7AC28632948977E00923FA5 /* Frameworks */ = {
			isa = PBXFrameworksBuildPhase;
			buildActionMask = 2147483647;
			files = (
			);
			runOnlyForDeploymentPostprocessing = 0;
		};
/* End PBXFrameworksBuildPhase section */

/* Begin PBXGroup section */
		C7AC285D2948977E00923FA5 = {
			isa = PBXGroup;
			children = (
				C7AC28682948977E00923FA5 /* BackendDrivenSwiftUI */,
				C7AC28672948977E00923FA5 /* Products */,
			);
			sourceTree = "<group>";
		};
		C7AC28672948977E00923FA5 /* Products */ = {
			isa = PBXGroup;
			children = (
				C7AC28662948977E00923FA5 /* BackendDrivenSwiftUI.app */,
			);
			name = Products;
			sourceTree = "<group>";
		};
		C7AC28682948977E00923FA5 /* BackendDrivenSwiftUI */ = {
			isa = PBXGroup;
			children = (
				C7AC287E2948BEC300923FA5 /* ApplicationLayer */,
				C7AC28772948A3C300923FA5 /* ServiceLayer */,
				C7AC28792948A42A00923FA5 /* PresentationLayer */,
				C7AC286D2948978000923FA5 /* Assets.xcassets */,
				C7AC286F2948978000923FA5 /* Preview Content */,
			);
			path = BackendDrivenSwiftUI;
			sourceTree = "<group>";
		};
		C7AC286F2948978000923FA5 /* Preview Content */ = {
			isa = PBXGroup;
			children = (
				C7AC28702948978000923FA5 /* Preview Assets.xcassets */,
			);
			path = "Preview Content";
			sourceTree = "<group>";
		};
		C7AC28772948A3C300923FA5 /* ServiceLayer */ = {
			isa = PBXGroup;
			children = (
				C7AC287A2948A47500923FA5 /* DatabaseService.swift */,
				C7AC287C2948A48500923FA5 /* Component.swift */,
			);
			path = ServiceLayer;
			sourceTree = "<group>";
		};
		C7AC28792948A42A00923FA5 /* PresentationLayer */ = {
			isa = PBXGroup;
			children = (
				C7AC28992948CD7F00923FA5 /* Models */,
				C7AC289A2948CD9200923FA5 /* Views */,
				C7AC28A52948D6CD00923FA5 /* Color+Extension.swift */,
			);
			path = PresentationLayer;
			sourceTree = "<group>";
		};
		C7AC287E2948BEC300923FA5 /* ApplicationLayer */ = {
			isa = PBXGroup;
			children = (
				C7AC287F2948BEF500923FA5 /* Core.swift */,
				C7AC28692948977E00923FA5 /* BackendDrivenSwiftUIApp.swift */,
				C7AC286B2948977E00923FA5 /* ContentView.swift */,
			);
			path = ApplicationLayer;
			sourceTree = "<group>";
		};
		C7AC28992948CD7F00923FA5 /* Models */ = {
			isa = PBXGroup;
			children = (
				C7AC28832948C0B100923FA5 /* ViewModel.swift */,
				C7AC28812948C08D00923FA5 /* Core.ButtonModel.swift */,
				C7AC28852948C20E00923FA5 /* Core.StepperModel.swift */,
				C7AC28872948C2E500923FA5 /* Core.ImageModel.swift */,
				C7AC28892948C8E700923FA5 /* Core.NavigationModel.swift */,
				C7AC288B2948C9CF00923FA5 /* Core.ListModel.swift */,
				C7AC288D2948CA1200923FA5 /* Core.SpacerModel.swift */,
				C7AC288F2948CA9E00923FA5 /* Core.TextFieldModel.swift */,
				C7AC28912948CB2B00923FA5 /* Core.TextModel.swift */,
				C7AC28932948CC3B00923FA5 /* Core.VStackModel.swift */,
				C7AC28952948CCF000923FA5 /* Core.HStackModel.swift */,
				C7AC28972948CD0200923FA5 /* Core.ZStackModel.swift */,
			);
			path = Models;
			sourceTree = "<group>";
		};
		C7AC289A2948CD9200923FA5 /* Views */ = {
			isa = PBXGroup;
			children = (
				C7AC289B2948CE9C00923FA5 /* Core.TextView.swift */,
				C7AC289D2948D09600923FA5 /* Core.NavigationControllerView.swift */,
				C7AC289F2948D51900923FA5 /* Core.ImageView.swift */,
				C7AC28A12948D5C600923FA5 /* Core.ListView.swift */,
				C7AC28A32948D63F00923FA5 /* Core.TextFieldView.swift */,
				C7AC28A72948D75E00923FA5 /* Core.SpacerView.swift */,
				C7AC28A92948D7F700923FA5 /* Core.ButtonView.swift */,
				C7AC28AB2948D88400923FA5 /* Core.StepperView.swift */,
				C7AC28AD2948DA1400923FA5 /* Core.VStackView.swift */,
				C7AC28AF2948DABB00923FA5 /* Core.HStackView.swift */,
				C7AC28B12948DAC400923FA5 /* Core.ZStackView.swift */,
			);
			path = Views;
			sourceTree = "<group>";
		};
/* End PBXGroup section */

/* Begin PBXNativeTarget section */
		C7AC28652948977E00923FA5 /* BackendDrivenSwiftUI */ = {
			isa = PBXNativeTarget;
			buildConfigurationList = C7AC28742948978000923FA5 /* Build configuration list for PBXNativeTarget "BackendDrivenSwiftUI" */;
			buildPhases = (
				C7AC28622948977E00923FA5 /* Sources */,
				C7AC28632948977E00923FA5 /* Frameworks */,
				C7AC28642948977E00923FA5 /* Resources */,
			);
			buildRules = (
			);
			dependencies = (
			);
			name = BackendDrivenSwiftUI;
			productName = BackendDrivenSwiftUI;
			productReference = C7AC28662948977E00923FA5 /* BackendDrivenSwiftUI.app */;
			productType = "com.apple.product-type.application";
		};
/* End PBXNativeTarget section */

/* Begin PBXProject section */
		C7AC285E2948977E00923FA5 /* Project object */ = {
			isa = PBXProject;
			attributes = {
				BuildIndependentTargetsInParallel = 1;
				LastSwiftUpdateCheck = 1330;
				LastUpgradeCheck = 1330;
				TargetAttributes = {
					C7AC28652948977E00923FA5 = {
						CreatedOnToolsVersion = 13.3.1;
					};
				};
			};
			buildConfigurationList = C7AC28612948977E00923FA5 /* Build configuration list for PBXProject "BackendDrivenSwiftUI" */;
			compatibilityVersion = "Xcode 13.0";
			developmentRegion = en;
			hasScannedForEncodings = 0;
			knownRegions = (
				en,
				Base,
			);
			mainGroup = C7AC285D2948977E00923FA5;
			productRefGroup = C7AC28672948977E00923FA5 /* Products */;
			projectDirPath = "";
			projectRoot = "";
			targets = (
				C7AC28652948977E00923FA5 /* BackendDrivenSwiftUI */,
			);
		};
/* End PBXProject section */

/* Begin PBXResourcesBuildPhase section */
		C7AC28642948977E00923FA5 /* Resources */ = {
			isa = PBXResourcesBuildPhase;
			buildActionMask = 2147483647;
			files = (
				C7AC28712948978000923FA5 /* Preview Assets.xcassets in Resources */,
				C7AC286E2948978000923FA5 /* Assets.xcassets in Resources */,
			);
			runOnlyForDeploymentPostprocessing = 0;
		};
/* End PBXResourcesBuildPhase section */

/* Begin PBXSourcesBuildPhase section */
		C7AC28622948977E00923FA5 /* Sources */ = {
			isa = PBXSourcesBuildPhase;
			buildActionMask = 2147483647;
			files = (
				C7AC28A02948D51900923FA5 /* Core.ImageView.swift in Sources */,
				C7AC28A22948D5C600923FA5 /* Core.ListView.swift in Sources */,
				C7AC287B2948A47500923FA5 /* DatabaseService.swift in Sources */,
				C7AC289C2948CE9C00923FA5 /* Core.TextView.swift in Sources */,
				C7AC289E2948D09600923FA5 /* Core.NavigationControllerView.swift in Sources */,
				C7AC28962948CCF000923FA5 /* Core.HStackModel.swift in Sources */,
				C7AC28B22948DAC400923FA5 /* Core.ZStackView.swift in Sources */,
				C7AC288C2948C9CF00923FA5 /* Core.ListModel.swift in Sources */,
				C7AC28822948C08D00923FA5 /* Core.ButtonModel.swift in Sources */,
				C7AC28A82948D75E00923FA5 /* Core.SpacerView.swift in Sources */,
				C7AC287D2948A48500923FA5 /* Component.swift in Sources */,
				C7AC288A2948C8E700923FA5 /* Core.NavigationModel.swift in Sources */,
				C7AC28882948C2E500923FA5 /* Core.ImageModel.swift in Sources */,
				C7AC28922948CB2B00923FA5 /* Core.TextModel.swift in Sources */,
				C7AC28A42948D63F00923FA5 /* Core.TextFieldView.swift in Sources */,
				C7AC28AA2948D7F700923FA5 /* Core.ButtonView.swift in Sources */,
				C7AC28942948CC3B00923FA5 /* Core.VStackModel.swift in Sources */,
				C7AC286C2948977E00923FA5 /* ContentView.swift in Sources */,
				C7AC28802948BEF500923FA5 /* Core.swift in Sources */,
				C7AC28AE2948DA1400923FA5 /* Core.VStackView.swift in Sources */,
				C7AC28902948CA9E00923FA5 /* Core.TextFieldModel.swift in Sources */,
				C7AC28982948CD0200923FA5 /* Core.ZStackModel.swift in Sources */,
				C7AC286A2948977E00923FA5 /* BackendDrivenSwiftUIApp.swift in Sources */,
				C7AC288E2948CA1200923FA5 /* Core.SpacerModel.swift in Sources */,
				C7AC28AC2948D88400923FA5 /* Core.StepperView.swift in Sources */,
				C7AC28B02948DABB00923FA5 /* Core.HStackView.swift in Sources */,
				C7AC28842948C0B100923FA5 /* ViewModel.swift in Sources */,
				C7AC28862948C20E00923FA5 /* Core.StepperModel.swift in Sources */,
				C7AC28A62948D6CD00923FA5 /* Color+Extension.swift in Sources */,
			);
			runOnlyForDeploymentPostprocessing = 0;
		};
/* End PBXSourcesBuildPhase section */

/* Begin XCBuildConfiguration section */
		C7AC28722948978000923FA5 /* Debug */ = {
			isa = XCBuildConfiguration;
			buildSettings = {
				ALWAYS_SEARCH_USER_PATHS = NO;
				CLANG_ANALYZER_NONNULL = YES;
				CLANG_ANALYZER_NUMBER_OBJECT_CONVERSION = YES_AGGRESSIVE;
				CLANG_CXX_LANGUAGE_STANDARD = "gnu++17";
				CLANG_ENABLE_MODULES = YES;
				CLANG_ENABLE_OBJC_ARC = YES;
				CLANG_ENABLE_OBJC_WEAK = YES;
				CLANG_WARN_BLOCK_CAPTURE_AUTORELEASING = YES;
				CLANG_WARN_BOOL_CONVERSION = YES;
				CLANG_WARN_COMMA = YES;
				CLANG_WARN_CONSTANT_CONVERSION = YES;
				CLANG_WARN_DEPRECATED_OBJC_IMPLEMENTATIONS = YES;
				CLANG_WARN_DIRECT_OBJC_ISA_USAGE = YES_ERROR;
				CLANG_WARN_DOCUMENTATION_COMMENTS = YES;
				CLANG_WARN_EMPTY_BODY = YES;
				CLANG_WARN_ENUM_CONVERSION = YES;
				CLANG_WARN_INFINITE_RECURSION = YES;
				CLANG_WARN_INT_CONVERSION = YES;
				CLANG_WARN_NON_LITERAL_NULL_CONVERSION = YES;
				CLANG_WARN_OBJC_IMPLICIT_RETAIN_SELF = YES;
				CLANG_WARN_OBJC_LITERAL_CONVERSION = YES;
				CLANG_WARN_OBJC_ROOT_CLASS = YES_ERROR;
				CLANG_WARN_QUOTED_INCLUDE_IN_FRAMEWORK_HEADER = YES;
				CLANG_WARN_RANGE_LOOP_ANALYSIS = YES;
				CLANG_WARN_STRICT_PROTOTYPES = YES;
				CLANG_WARN_SUSPICIOUS_MOVE = YES;
				CLANG_WARN_UNGUARDED_AVAILABILITY = YES_AGGRESSIVE;
				CLANG_WARN_UNREACHABLE_CODE = YES;
				CLANG_WARN__DUPLICATE_METHOD_MATCH = YES;
				COPY_PHASE_STRIP = NO;
				DEBUG_INFORMATION_FORMAT = dwarf;
				ENABLE_STRICT_OBJC_MSGSEND = YES;
				ENABLE_TESTABILITY = YES;
				GCC_C_LANGUAGE_STANDARD = gnu11;
				GCC_DYNAMIC_NO_PIC = NO;
				GCC_NO_COMMON_BLOCKS = YES;
				GCC_OPTIMIZATION_LEVEL = 0;
				GCC_PREPROCESSOR_DEFINITIONS = (
					"DEBUG=1",
					"$(inherited)",
				);
				GCC_WARN_64_TO_32_BIT_CONVERSION = YES;
				GCC_WARN_ABOUT_RETURN_TYPE = YES_ERROR;
				GCC_WARN_UNDECLARED_SELECTOR = YES;
				GCC_WARN_UNINITIALIZED_AUTOS = YES_AGGRESSIVE;
				GCC_WARN_UNUSED_FUNCTION = YES;
				GCC_WARN_UNUSED_VARIABLE = YES;
				IPHONEOS_DEPLOYMENT_TARGET = 15.4;
				MTL_ENABLE_DEBUG_INFO = INCLUDE_SOURCE;
				MTL_FAST_MATH = YES;
				ONLY_ACTIVE_ARCH = YES;
				SDKROOT = iphoneos;
				SWIFT_ACTIVE_COMPILATION_CONDITIONS = DEBUG;
				SWIFT_OPTIMIZATION_LEVEL = "-Onone";
			};
			name = Debug;
		};
		C7AC28732948978000923FA5 /* Release */ = {
			isa = XCBuildConfiguration;
			buildSettings = {
				ALWAYS_SEARCH_USER_PATHS = NO;
				CLANG_ANALYZER_NONNULL = YES;
				CLANG_ANALYZER_NUMBER_OBJECT_CONVERSION = YES_AGGRESSIVE;
				CLANG_CXX_LANGUAGE_STANDARD = "gnu++17";
				CLANG_ENABLE_MODULES = YES;
				CLANG_ENABLE_OBJC_ARC = YES;
				CLANG_ENABLE_OBJC_WEAK = YES;
				CLANG_WARN_BLOCK_CAPTURE_AUTORELEASING = YES;
				CLANG_WARN_BOOL_CONVERSION = YES;
				CLANG_WARN_COMMA = YES;
				CLANG_WARN_CONSTANT_CONVERSION = YES;
				CLANG_WARN_DEPRECATED_OBJC_IMPLEMENTATIONS = YES;
				CLANG_WARN_DIRECT_OBJC_ISA_USAGE = YES_ERROR;
				CLANG_WARN_DOCUMENTATION_COMMENTS = YES;
				CLANG_WARN_EMPTY_BODY = YES;
				CLANG_WARN_ENUM_CONVERSION = YES;
				CLANG_WARN_INFINITE_RECURSION = YES;
				CLANG_WARN_INT_CONVERSION = YES;
				CLANG_WARN_NON_LITERAL_NULL_CONVERSION = YES;
				CLANG_WARN_OBJC_IMPLICIT_RETAIN_SELF = YES;
				CLANG_WARN_OBJC_LITERAL_CONVERSION = YES;
				CLANG_WARN_OBJC_ROOT_CLASS = YES_ERROR;
				CLANG_WARN_QUOTED_INCLUDE_IN_FRAMEWORK_HEADER = YES;
				CLANG_WARN_RANGE_LOOP_ANALYSIS = YES;
				CLANG_WARN_STRICT_PROTOTYPES = YES;
				CLANG_WARN_SUSPICIOUS_MOVE = YES;
				CLANG_WARN_UNGUARDED_AVAILABILITY = YES_AGGRESSIVE;
				CLANG_WARN_UNREACHABLE_CODE = YES;
				CLANG_WARN__DUPLICATE_METHOD_MATCH = YES;
				COPY_PHASE_STRIP = NO;
				DEBUG_INFORMATION_FORMAT = "dwarf-with-dsym";
				ENABLE_NS_ASSERTIONS = NO;
				ENABLE_STRICT_OBJC_MSGSEND = YES;
				GCC_C_LANGUAGE_STANDARD = gnu11;
				GCC_NO_COMMON_BLOCKS = YES;
				GCC_WARN_64_TO_32_BIT_CONVERSION = YES;
				GCC_WARN_ABOUT_RETURN_TYPE = YES_ERROR;
				GCC_WARN_UNDECLARED_SELECTOR = YES;
				GCC_WARN_UNINITIALIZED_AUTOS = YES_AGGRESSIVE;
				GCC_WARN_UNUSED_FUNCTION = YES;
				GCC_WARN_UNUSED_VARIABLE = YES;
				IPHONEOS_DEPLOYMENT_TARGET = 15.4;
				MTL_ENABLE_DEBUG_INFO = NO;
				MTL_FAST_MATH = YES;
				SDKROOT = iphoneos;
				SWIFT_COMPILATION_MODE = wholemodule;
				SWIFT_OPTIMIZATION_LEVEL = "-O";
				VALIDATE_PRODUCT = YES;
			};
			name = Release;
		};
		C7AC28752948978000923FA5 /* Debug */ = {
			isa = XCBuildConfiguration;
			buildSettings = {
				ASSETCATALOG_COMPILER_APPICON_NAME = AppIcon;
				ASSETCATALOG_COMPILER_GLOBAL_ACCENT_COLOR_NAME = AccentColor;
				CODE_SIGN_STYLE = Automatic;
				CURRENT_PROJECT_VERSION = 1;
				DEVELOPMENT_ASSET_PATHS = "\"BackendDrivenSwiftUI/Preview Content\"";
				ENABLE_PREVIEWS = YES;
				GENERATE_INFOPLIST_FILE = YES;
				INFOPLIST_KEY_UIApplicationSceneManifest_Generation = YES;
				INFOPLIST_KEY_UIApplicationSupportsIndirectInputEvents = YES;
				INFOPLIST_KEY_UILaunchScreen_Generation = YES;
				INFOPLIST_KEY_UISupportedInterfaceOrientations_iPad = "UIInterfaceOrientationPortrait UIInterfaceOrientationPortraitUpsideDown UIInterfaceOrientationLandscapeLeft UIInterfaceOrientationLandscapeRight";
				INFOPLIST_KEY_UISupportedInterfaceOrientations_iPhone = "UIInterfaceOrientationPortrait UIInterfaceOrientationLandscapeLeft UIInterfaceOrientationLandscapeRight";
				LD_RUNPATH_SEARCH_PATHS = (
					"$(inherited)",
					"@executable_path/Frameworks",
				);
				MARKETING_VERSION = 1.0;
				PRODUCT_BUNDLE_IDENTIFIER = BackendDrivenSwiftUI.BackendDrivenSwiftUI;
				PRODUCT_NAME = "$(TARGET_NAME)";
				SWIFT_EMIT_LOC_STRINGS = YES;
				SWIFT_VERSION = 5.0;
				TARGETED_DEVICE_FAMILY = "1,2";
			};
			name = Debug;
		};
		C7AC28762948978000923FA5 /* Release */ = {
			isa = XCBuildConfiguration;
			buildSettings = {
				ASSETCATALOG_COMPILER_APPICON_NAME = AppIcon;
				ASSETCATALOG_COMPILER_GLOBAL_ACCENT_COLOR_NAME = AccentColor;
				CODE_SIGN_STYLE = Automatic;
				CURRENT_PROJECT_VERSION = 1;
				DEVELOPMENT_ASSET_PATHS = "\"BackendDrivenSwiftUI/Preview Content\"";
				ENABLE_PREVIEWS = YES;
				GENERATE_INFOPLIST_FILE = YES;
				INFOPLIST_KEY_UIApplicationSceneManifest_Generation = YES;
				INFOPLIST_KEY_UIApplicationSupportsIndirectInputEvents = YES;
				INFOPLIST_KEY_UILaunchScreen_Generation = YES;
				INFOPLIST_KEY_UISupportedInterfaceOrientations_iPad = "UIInterfaceOrientationPortrait UIInterfaceOrientationPortraitUpsideDown UIInterfaceOrientationLandscapeLeft UIInterfaceOrientationLandscapeRight";
				INFOPLIST_KEY_UISupportedInterfaceOrientations_iPhone = "UIInterfaceOrientationPortrait UIInterfaceOrientationLandscapeLeft UIInterfaceOrientationLandscapeRight";
				LD_RUNPATH_SEARCH_PATHS = (
					"$(inherited)",
					"@executable_path/Frameworks",
				);
				MARKETING_VERSION = 1.0;
				PRODUCT_BUNDLE_IDENTIFIER = BackendDrivenSwiftUI.BackendDrivenSwiftUI;
				PRODUCT_NAME = "$(TARGET_NAME)";
				SWIFT_EMIT_LOC_STRINGS = YES;
				SWIFT_VERSION = 5.0;
				TARGETED_DEVICE_FAMILY = "1,2";
			};
			name = Release;
		};
/* End XCBuildConfiguration section */

/* Begin XCConfigurationList section */
		C7AC28612948977E00923FA5 /* Build configuration list for PBXProject "BackendDrivenSwiftUI" */ = {
			isa = XCConfigurationList;
			buildConfigurations = (
				C7AC28722948978000923FA5 /* Debug */,
				C7AC28732948978000923FA5 /* Release */,
			);
			defaultConfigurationIsVisible = 0;
			defaultConfigurationName = Release;
		};
		C7AC28742948978000923FA5 /* Build configuration list for PBXNativeTarget "BackendDrivenSwiftUI" */ = {
			isa = XCConfigurationList;
			buildConfigurations = (
				C7AC28752948978000923FA5 /* Debug */,
				C7AC28762948978000923FA5 /* Release */,
			);
			defaultConfigurationIsVisible = 0;
			defaultConfigurationName = Release;
		};
/* End XCConfigurationList section */
	};
	rootObject = C7AC285E2948977E00923FA5 /* Project object */;
}
